
Microsoft Visual Studio Solution File, Format Version 12.00
# Visual Studio Version 17
VisualStudioVersion = 17.4.33213.308
MinimumVisualStudioVersion = 10.0.40219.1
Project("{9A19103F-16F7-4668-BE54-9A1E7A4F7556}") = "Pharmacy Menagment", "Pharmacy Menagment\Pharmacy Menagment.csproj", "{DA18C767-E645-4821-BBE5-59C9189B0DD9}"
EndProject
Global
	GlobalSection(SolutionConfigurationPlatforms) = preSolution
		Debug|Any CPU = Debug|Any CPU
		Release|Any CPU = Release|Any CPU
	EndGlobalSection
	GlobalSection(ProjectConfigurationPlatforms) = postSolution
		{DA18C767-E645-4821-BBE5-59C9189B0DD9}.Debug|Any CPU.ActiveCfg = Debug|Any CPU
		{DA18C767-E645-4821-BBE5-59C9189B0DD9}.Debug|Any CPU.Build.0 = Debug|Any CPU
		{DA18C767-E645-4821-BBE5-59C9189B0DD9}.Release|Any CPU.ActiveCfg = Release|Any CPU
		{DA18C767-E645-4821-BBE5-59C9189B0DD9}.Release|Any CPU.Build.0 = Release|Any CPU
	EndGlobalSection
	GlobalSection(SolutionProperties) = preSolution
		HideSolutionNode = FALSE
	EndGlobalSection
	GlobalSection(ExtensibilityGlobals) = postSolution
		SolutionGuid = {BF6F94EC-E37E-470C-BDB0-02E1DE4D7B75}
	EndGlobalSection
EndGlobal
